{
  "lockfileVersion": 1,
  "workspaces": {
    "": {
      "name": "leonardo-learn",
      "dependencies": {
        "@digital-go-jp/design-tokens": "^1.1.2",
        "@material/material-color-utilities": "^0.3.0",
        "apca-w3": "^0.1.9",
        "culori": "^4.0.1",
      },
      "devDependencies": {
        "@biomejs/biome": "^2.3.7",
        "@types/bun": "latest",
        "@types/culori": "^4.0.1",
        "typescript": "^5.3.3",
      },
    },
  },
  "packages": {
    "@biomejs/biome": ["@biomejs/biome@2.3.7", "", { "optionalDependencies": { "@biomejs/cli-darwin-arm64": "2.3.7", "@biomejs/cli-darwin-x64": "2.3.7", "@biomejs/cli-linux-arm64": "2.3.7", "@biomejs/cli-linux-arm64-musl": "2.3.7", "@biomejs/cli-linux-x64": "2.3.7", "@biomejs/cli-linux-x64-musl": "2.3.7", "@biomejs/cli-win32-arm64": "2.3.7", "@biomejs/cli-win32-x64": "2.3.7" }, "bin": { "biome": "bin/biome" } }, "sha512-CTbAS/jNAiUc6rcq94BrTB8z83O9+BsgWj2sBCQg9rD6Wkh2gjfR87usjx0Ncx0zGXP1NKgT7JNglay5Zfs9jw=="],

    "@biomejs/cli-darwin-arm64": ["@biomejs/cli-darwin-arm64@2.3.7", "", { "os": "darwin", "cpu": "arm64" }, "sha512-LirkamEwzIUULhXcf2D5b+NatXKeqhOwilM+5eRkbrnr6daKz9rsBL0kNZ16Hcy4b8RFq22SG4tcLwM+yx/wFA=="],

    "@biomejs/cli-darwin-x64": ["@biomejs/cli-darwin-x64@2.3.7", "", { "os": "darwin", "cpu": "x64" }, "sha512-Q4TO633kvrMQkKIV7wmf8HXwF0dhdTD9S458LGE24TYgBjSRbuhvio4D5eOQzirEYg6eqxfs53ga/rbdd8nBKg=="],

    "@biomejs/cli-linux-arm64": ["@biomejs/cli-linux-arm64@2.3.7", "", { "os": "linux", "cpu": "arm64" }, "sha512-inHOTdlstUBzgjDcx0ge71U4SVTbwAljmkfi3MC5WzsYCRhancqfeL+sa4Ke6v2ND53WIwCFD5hGsYExoI3EZQ=="],

    "@biomejs/cli-linux-arm64-musl": ["@biomejs/cli-linux-arm64-musl@2.3.7", "", { "os": "linux", "cpu": "arm64" }, "sha512-/afy8lto4CB8scWfMdt+NoCZtatBUF62Tk3ilWH2w8ENd5spLhM77zKlFZEvsKJv9AFNHknMl03zO67CiklL2Q=="],

    "@biomejs/cli-linux-x64": ["@biomejs/cli-linux-x64@2.3.7", "", { "os": "linux", "cpu": "x64" }, "sha512-fJMc3ZEuo/NaMYo5rvoWjdSS5/uVSW+HPRQujucpZqm2ZCq71b8MKJ9U4th9yrv2L5+5NjPF0nqqILCl8HY/fg=="],

    "@biomejs/cli-linux-x64-musl": ["@biomejs/cli-linux-x64-musl@2.3.7", "", { "os": "linux", "cpu": "x64" }, "sha512-CQUtgH1tIN6e5wiYSJqzSwJumHYolNtaj1dwZGCnZXm2PZU1jOJof9TsyiP3bXNDb+VOR7oo7ZvY01If0W3iFQ=="],

    "@biomejs/cli-win32-arm64": ["@biomejs/cli-win32-arm64@2.3.7", "", { "os": "win32", "cpu": "arm64" }, "sha512-aJAE8eCNyRpcfx2JJAtsPtISnELJ0H4xVVSwnxm13bzI8RwbXMyVtxy2r5DV1xT3WiSP+7LxORcApWw0LM8HiA=="],

    "@biomejs/cli-win32-x64": ["@biomejs/cli-win32-x64@2.3.7", "", { "os": "win32", "cpu": "x64" }, "sha512-pulzUshqv9Ed//MiE8MOUeeEkbkSHVDVY5Cz5wVAnH1DUqliCQG3j6s1POaITTFqFfo7AVIx2sWdKpx/GS+Nqw=="],

    "@digital-go-jp/design-tokens": ["@digital-go-jp/design-tokens@1.1.2", "", {}, "sha512-djYz57N1ku/JFILn/h/l/926Jfpsw5sEP05MkfxLoUzvfU8iVAllXiL8tJdxnbb8NY5YXuj2r8O4TJt3uRVD0Q=="],

    "@material/material-color-utilities": ["@material/material-color-utilities@0.3.0", "", {}, "sha512-ztmtTd6xwnuh2/xu+Vb01btgV8SQWYCaK56CkRK8gEkWe5TuDyBcYJ0wgkMRn+2VcE9KUmhvkz+N9GHrqw/C0g=="],

    "@types/bun": ["@types/bun@1.3.2", "", { "dependencies": { "bun-types": "1.3.2" } }, "sha512-t15P7k5UIgHKkxwnMNkJbWlh/617rkDGEdSsDbu+qNHTaz9SKf7aC8fiIlUdD5RPpH6GEkP0cK7WlvmrEBRtWg=="],

    "@types/culori": ["@types/culori@4.0.1", "", {}, "sha512-43M51r/22CjhbOXyGT361GZ9vncSVQ39u62x5eJdBQFviI8zWp2X5jzqg7k4M6PVgDQAClpy2bUe2dtwEgEDVQ=="],

    "@types/node": ["@types/node@24.10.1", "", { "dependencies": { "undici-types": "~7.16.0" } }, "sha512-GNWcUTRBgIRJD5zj+Tq0fKOJ5XZajIiBroOF0yvj2bSU1WvNdYS/dn9UxwsujGW4JX06dnHyjV2y9rRaybH0iQ=="],

    "@types/react": ["@types/react@19.2.6", "", { "dependencies": { "csstype": "^3.2.2" } }, "sha512-p/jUvulfgU7oKtj6Xpk8cA2Y1xKTtICGpJYeJXz2YVO2UcvjQgeRMLDGfDeqeRW2Ta+0QNFwcc8X3GH8SxZz6w=="],

    "apca-w3": ["apca-w3@0.1.9", "", { "dependencies": { "colorparsley": "^0.1.8" } }, "sha512-Zrf6AeBeQjNe/fxK7U1jCo5zfdjDl6T4/kdw5Xlky3G7u+EJTZkyItjMYQGtwf9pkftsINxcYyOpuLkzKf1ITQ=="],

    "bun-types": ["bun-types@1.3.2", "", { "dependencies": { "@types/node": "*" }, "peerDependencies": { "@types/react": "^19" } }, "sha512-i/Gln4tbzKNuxP70OWhJRZz1MRfvqExowP7U6JKoI8cntFrtxg7RJK3jvz7wQW54UuvNC8tbKHHri5fy74FVqg=="],

    "colorparsley": ["colorparsley@0.1.8", "", {}, "sha512-rObESTTTE6G5qO5WFwFxWPggpw4KfpxnLC6Ssl8bITBnNVRhDsyCeTRAUxWQNVTx2pRknKlO2nddYTxjkdNFaw=="],

    "csstype": ["csstype@3.2.3", "", {}, "sha512-z1HGKcYy2xA8AGQfwrn0PAy+PB7X/GSj3UVJW9qKyn43xWa+gl5nXmU4qqLMRzWVLFC8KusUX8T/0kCiOYpAIQ=="],

    "culori": ["culori@4.0.2", "", {}, "sha512-1+BhOB8ahCn4O0cep0Sh2l9KCOfOdY+BXJnKMHFFzDEouSr/el18QwXEMRlOj9UY5nCeA8UN3a/82rUWRBeyBw=="],

    "typescript": ["typescript@5.9.3", "", { "bin": { "tsc": "bin/tsc", "tsserver": "bin/tsserver" } }, "sha512-jl1vZzPDinLr9eUt3J/t7V6FgNEw9QjvBPdysz9KfQDD41fQrC2Y4vKQdiaUpFT4bXlb1RHhLpp8wtm6M5TgSw=="],

    "undici-types": ["undici-types@7.16.0", "", {}, "sha512-Zz+aZWSj8LE6zoxD+xrjh4VfkIG8Ya6LvYkZqtUQGJPZjYl53ypCaUwWqo7eI0x66KBGeRo+mlBEkMSeSZ38Nw=="],
  }
}
